
Microsoft Visual Studio Solution File, Format Version 12.00
# Visual Studio Version 16
VisualStudioVersion = 16.0.31112.23
MinimumVisualStudioVersion = 10.0.40219.1
Project("{FAE04EC0-301F-11D3-BF4B-00C04F79EFBC}") = "cv06-bpc-oop", "cv06-bpc-oop.csproj", "{117C61C8-F8A1-4840-80CD-9D1E42EA7ABB}"
EndProject
Global
	GlobalSection(SolutionConfigurationPlatforms) = preSolution
		Debug|Any CPU = Debug|Any CPU
		Release|Any CPU = Release|Any CPU
	EndGlobalSection
	GlobalSection(ProjectConfigurationPlatforms) = postSolution
		{117C61C8-F8A1-4840-80CD-9D1E42EA7ABB}.Debug|Any CPU.ActiveCfg = Debug|Any CPU
		{117C61C8-F8A1-4840-80CD-9D1E42EA7ABB}.Debug|Any CPU.Build.0 = Debug|Any CPU
		{117C61C8-F8A1-4840-80CD-9D1E42EA7ABB}.Release|Any CPU.ActiveCfg = Release|Any CPU
		{117C61C8-F8A1-4840-80CD-9D1E42EA7ABB}.Release|Any CPU.Build.0 = Release|Any CPU
	EndGlobalSection
	GlobalSection(SolutionProperties) = preSolution
		HideSolutionNode = FALSE
	EndGlobalSection
	GlobalSection(ExtensibilityGlobals) = postSolution
		SolutionGuid = {C6607BB0-7C67-43CD-AD5C-78D41E736EB4}
	EndGlobalSection
EndGlobal
